
Microsoft Visual Studio Solution File, Format Version 12.00
# Visual Studio Version 17
VisualStudioVersion = 17.2.32616.157
MinimumVisualStudioVersion = 10.0.40219.1
Project("{FAE04EC0-301F-11D3-BF4B-00C04F79EFBC}") = "Lab_2_GUI", "Lab_2_GUI\Lab_2_GUI.csproj", "{35F66007-B3E6-4214-8898-7B4D6E5AABC3}"
EndProject
Global
	GlobalSection(SolutionConfigurationPlatforms) = preSolution
		Debug|Any CPU = Debug|Any CPU
		Release|Any CPU = Release|Any CPU
	EndGlobalSection
	GlobalSection(ProjectConfigurationPlatforms) = postSolution
		{35F66007-B3E6-4214-8898-7B4D6E5AABC3}.Debug|Any CPU.ActiveCfg = Debug|Any CPU
		{35F66007-B3E6-4214-8898-7B4D6E5AABC3}.Debug|Any CPU.Build.0 = Debug|Any CPU
		{35F66007-B3E6-4214-8898-7B4D6E5AABC3}.Release|Any CPU.ActiveCfg = Release|Any CPU
		{35F66007-B3E6-4214-8898-7B4D6E5AABC3}.Release|Any CPU.Build.0 = Release|Any CPU
	EndGlobalSection
	GlobalSection(SolutionProperties) = preSolution
		HideSolutionNode = FALSE
	EndGlobalSection
	GlobalSection(ExtensibilityGlobals) = postSolution
		SolutionGuid = {8AFEDDEC-8331-48EE-BC8F-930A81A7B7C1}
	EndGlobalSection
EndGlobal
